
Microsoft Visual Studio Solution File, Format Version 12.00
# Visual Studio Version 17
VisualStudioVersion = 17.4.33110.190
MinimumVisualStudioVersion = 10.0.40219.1
Project("{FAE04EC0-301F-11D3-BF4B-00C04F79EFBC}") = "ExamenFinal", "ExamenFinal\ExamenFinal.csproj", "{88B4157E-579E-4BA7-9D05-07DCCD5921F2}"
EndProject
Global
	GlobalSection(SolutionConfigurationPlatforms) = preSolution
		Debug|Any CPU = Debug|Any CPU
		Release|Any CPU = Release|Any CPU
	EndGlobalSection
	GlobalSection(ProjectConfigurationPlatforms) = postSolution
		{88B4157E-579E-4BA7-9D05-07DCCD5921F2}.Debug|Any CPU.ActiveCfg = Debug|Any CPU
		{88B4157E-579E-4BA7-9D05-07DCCD5921F2}.Debug|Any CPU.Build.0 = Debug|Any CPU
		{88B4157E-579E-4BA7-9D05-07DCCD5921F2}.Release|Any CPU.ActiveCfg = Release|Any CPU
		{88B4157E-579E-4BA7-9D05-07DCCD5921F2}.Release|Any CPU.Build.0 = Release|Any CPU
	EndGlobalSection
	GlobalSection(SolutionProperties) = preSolution
		HideSolutionNode = FALSE
	EndGlobalSection
	GlobalSection(ExtensibilityGlobals) = postSolution
		SolutionGuid = {E52E7AC1-5695-48B8-A598-EE6678DC033D}
	EndGlobalSection
EndGlobal
